
Microsoft Visual Studio Solution File, Format Version 12.00
# Visual Studio 14
VisualStudioVersion = 14.0.25123.0
MinimumVisualStudioVersion = 10.0.40219.1
Project("{FAE04EC0-301F-11D3-BF4B-00C04F79EFBC}") = "Xamarin.Plugins.DropBox.Droid", "Xamarin.Plugins.DropBox.Droid\Xamarin.Plugins.DropBox.Droid.csproj", "{90A15118-2C55-4AA2-8C6D-0AADAC3ED599}"
EndProject
Project("{FAE04EC0-301F-11D3-BF4B-00C04F79EFBC}") = "Xamarin.Plugins.DropBox.Abstractions", "Xamarin.Plugins.DropBox.Abstractions\Xamarin.Plugins.DropBox.Abstractions.csproj", "{5E9BB37E-A52A-45C1-A2BC-3DA0E184BAF6}"
EndProject
Project("{FAE04EC0-301F-11D3-BF4B-00C04F79EFBC}") = "Xamarin.Plugins.DropBox", "Xamarin.Plugins.DropBox\Xamarin.Plugins.DropBox.csproj", "{C4BCBF91-2B91-4605-B8F7-A60F8E9AD428}"
EndProject
Project("{FAE04EC0-301F-11D3-BF4B-00C04F79EFBC}") = "Xamarin.Plugins.DropBox.iOS", "Xamarin.Plugins.DropBox.iOS\Xamarin.Plugins.DropBox.iOS.csproj", "{D7F3AA16-8EF1-4924-9E0A-DAD4AB46B2EB}"
EndProject
Project("{FAE04EC0-301F-11D3-BF4B-00C04F79EFBC}") = "Xamarin.Plugins.DropBox.iOSUnified", "Xamarin.Plugins.DropBox.iOSUnified\Xamarin.Plugins.DropBox.iOSUnified.csproj", "{2882AEEB-D4CD-4EB9-8A6C-6653B33681F0}"
EndProject
Global
	GlobalSection(SolutionConfigurationPlatforms) = preSolution
		Debug|Any CPU = Debug|Any CPU
		Release|Any CPU = Release|Any CPU
	EndGlobalSection
	GlobalSection(ProjectConfigurationPlatforms) = postSolution
		{90A15118-2C55-4AA2-8C6D-0AADAC3ED599}.Debug|Any CPU.ActiveCfg = Debug|Any CPU
		{90A15118-2C55-4AA2-8C6D-0AADAC3ED599}.Debug|Any CPU.Build.0 = Debug|Any CPU
		{90A15118-2C55-4AA2-8C6D-0AADAC3ED599}.Release|Any CPU.ActiveCfg = Release|Any CPU
		{90A15118-2C55-4AA2-8C6D-0AADAC3ED599}.Release|Any CPU.Build.0 = Release|Any CPU
		{5E9BB37E-A52A-45C1-A2BC-3DA0E184BAF6}.Debug|Any CPU.ActiveCfg = Debug|Any CPU
		{5E9BB37E-A52A-45C1-A2BC-3DA0E184BAF6}.Debug|Any CPU.Build.0 = Debug|Any CPU
		{5E9BB37E-A52A-45C1-A2BC-3DA0E184BAF6}.Release|Any CPU.ActiveCfg = Release|Any CPU
		{5E9BB37E-A52A-45C1-A2BC-3DA0E184BAF6}.Release|Any CPU.Build.0 = Release|Any CPU
		{C4BCBF91-2B91-4605-B8F7-A60F8E9AD428}.Debug|Any CPU.ActiveCfg = Debug|Any CPU
		{C4BCBF91-2B91-4605-B8F7-A60F8E9AD428}.Debug|Any CPU.Build.0 = Debug|Any CPU
		{C4BCBF91-2B91-4605-B8F7-A60F8E9AD428}.Release|Any CPU.ActiveCfg = Release|Any CPU
		{C4BCBF91-2B91-4605-B8F7-A60F8E9AD428}.Release|Any CPU.Build.0 = Release|Any CPU
		{D7F3AA16-8EF1-4924-9E0A-DAD4AB46B2EB}.Debug|Any CPU.ActiveCfg = Debug|Any CPU
		{D7F3AA16-8EF1-4924-9E0A-DAD4AB46B2EB}.Debug|Any CPU.Build.0 = Debug|Any CPU
		{D7F3AA16-8EF1-4924-9E0A-DAD4AB46B2EB}.Release|Any CPU.ActiveCfg = Release|Any CPU
		{D7F3AA16-8EF1-4924-9E0A-DAD4AB46B2EB}.Release|Any CPU.Build.0 = Release|Any CPU
		{2882AEEB-D4CD-4EB9-8A6C-6653B33681F0}.Debug|Any CPU.ActiveCfg = Debug|Any CPU
		{2882AEEB-D4CD-4EB9-8A6C-6653B33681F0}.Debug|Any CPU.Build.0 = Debug|Any CPU
		{2882AEEB-D4CD-4EB9-8A6C-6653B33681F0}.Release|Any CPU.ActiveCfg = Release|Any CPU
		{2882AEEB-D4CD-4EB9-8A6C-6653B33681F0}.Release|Any CPU.Build.0 = Release|Any CPU
	EndGlobalSection
	GlobalSection(SolutionProperties) = preSolution
		HideSolutionNode = FALSE
	EndGlobalSection
	GlobalSection(MonoDevelopProperties) = preSolution
		StartupItem = MonkeyBox.Android.csproj
	EndGlobalSection
EndGlobal
